PODS:
  - AppAuth (1.4.0):
    - AppAuth/Core (= 1.4.0)
    - AppAuth/ExternalUserAgent (= 1.4.0)
  - AppAuth/Core (1.4.0)
  - AppAuth/ExternalUserAgent (1.4.0)
  - CalendarKit (1.1.4)
  - DropDown (2.3.13)
  - FBAEMKit (12.2.1):
    - FBSDKCoreKit_Basics (= 12.2.1)
  - FBSDKCoreKit (12.2.1):
    - FBAEMKit (= 12.2.1)
    - FBSDKCoreKit_Basics (= 12.2.1)
  - FBSDKCoreKit_Basics (12.2.1)
  - FBSDKLoginKit (12.2.1):
    - FBSDKCoreKit (= 12.2.1)
  - FBSDKShareKit (12.2.1):
    - FBSDKCoreKit (= 12.2.1)
  - GoogleSignIn (6.1.0):
    - AppAuth (~> 1.4)
    - GTMAppAuth (~> 1.0)
    - GTMSessionFetcher/Core (~> 1.1)
  - GTMAppAuth (1.2.2):
    - AppAuth/Core (~> 1.4)
    - GTMSessionFetcher/Core (~> 1.5)
  - GTMSessionFetcher/Core (1.7.0)
  - IQKeyboardManager (6.5.10)
  - Kingfisher (7.1.2)
  - MBProgressHUD (1.2.0)
  - ReactionButton (4.0.0)
  - Socket.IO-Client-Swift (15.2.0):
    - Starscream (~> 3.1)
  - Starscream (3.1.1)
  - TagListView (1.4.1)
  - Toast-Swift (5.0.1)

DEPENDENCIES:
  - CalendarKit
  - DropDown
  - FBSDKCoreKit
  - FBSDKLoginKit
  - FBSDKShareKit
  - GoogleSignIn
  - IQKeyboardManager
  - Kingfisher
  - MBProgressHUD
  - ReactionButton
  - Socket.IO-Client-Swift (~> 15.2.0)
  - TagListView (~> 1.0)
  - Toast-Swift (~> 5.0.0)

SPEC REPOS:
  trunk:
    - AppAuth
    - CalendarKit
    - DropDown
    - FBAEMKit
    - FBSDKCoreKit
    - FBSDKCoreKit_Basics
    - FBSDKLoginKit
    - FBSDKShareKit
    - GoogleSignIn
    - GTMAppAuth
    - GTMSessionFetcher
    - IQKeyboardManager
    - Kingfisher
    - MBProgressHUD
    - ReactionButton
    - Socket.IO-Client-Swift
    - Starscream
    - TagListView
    - Toast-Swift

SPEC CHECKSUMS:
  AppAuth: 31bcec809a638d7bd2f86ea8a52bd45f6e81e7c7
  CalendarKit: b858714286ba4f2b19544d79d42c3512949f1da5
  DropDown: 8a2116376c1981888557f72ec2ffc9a5e0e456ec
  FBAEMKit: 4cea610d0bc1680572f2aad7b25db7a2f2690d82
  FBSDKCoreKit: 5b1992fe65802ca26be7e68bc4fac5f59fa39908
  FBSDKCoreKit_Basics: a6a92ca628e05f86f458a4721574c5ddfb058ba3
  FBSDKLoginKit: 7467b7f988ca4fdf48f12a839bcfce4264752429
  FBSDKShareKit: 25fe0e2cd0811918e5b5b1603cb3fc580154cc48
  GoogleSignIn: c90b5bec45e780f54c6a8e1e3c182a86e3dda69d
  GTMAppAuth: ad5c2b70b9a8689e1a04033c9369c4915bfcbe89
  GTMSessionFetcher: 43748f93435c2aa068b1cbe39655aaf600652e91
  IQKeyboardManager: 45a1fa55c1a5b02c61ac0fd7fd5b62bb4ad20d97
  Kingfisher: 44ed6a8504763f27bab46163adfac83f5deb240c
  MBProgressHUD: 3ee5efcc380f6a79a7cc9b363dd669c5e1ae7406
  ReactionButton: 0cb0f8142417bb738c59164339166e99ebf859c6
  Socket.IO-Client-Swift: 1e3e3a1f09f3312a167f0d781eb2f383d477357c
  Starscream: 4bb2f9942274833f7b4d296a55504dcfc7edb7b0
  TagListView: a1c236d17960a0cf64156725a76ce6d73ebce2be
  Toast-Swift: 9b6a70f28b3bf0b96c40d46c0c4b9d6639846711

PODFILE CHECKSUM: d8d86a28287b93f87a8307583166796c1559f19f

COCOAPODS: 1.10.2
